
Microsoft Visual Studio Solution File, Format Version 12.00
# Visual Studio Version 17
VisualStudioVersion = 17.0.31903.59
MinimumVisualStudioVersion = 10.0.40219.1
Project("{FAE04EC0-301F-11D3-BF4B-00C04F79EFBC}") = "BackEnd", "BackEnd\BackEnd.csproj", "{A037DB13-3AE3-44C3-A89D-A302EC07C1E0}"
EndProject
Project("{FAE04EC0-301F-11D3-BF4B-00C04F79EFBC}") = "Tests", "Tests\Tests.csproj", "{8D17D7C7-070F-4210-930C-B22076F7FC01}"
EndProject
Project("{FAE04EC0-301F-11D3-BF4B-00C04F79EFBC}") = "Web", "Web\Web.csproj", "{FDEEE3BD-7FA3-4399-9CED-72069E03360E}"
EndProject
Project("{FAE04EC0-301F-11D3-BF4B-00C04F79EFBC}") = "NewUserRegistration", "NewUserRegistration\NewUserRegistration.csproj", "{F9273976-7504-49A9-A438-26C137444A08}"
EndProject
Global
	GlobalSection(SolutionConfigurationPlatforms) = preSolution
		Debug|Any CPU = Debug|Any CPU
		Debug|x64 = Debug|x64
		Debug|x86 = Debug|x86
		Release|Any CPU = Release|Any CPU
		Release|x64 = Release|x64
		Release|x86 = Release|x86
	EndGlobalSection
	GlobalSection(ProjectConfigurationPlatforms) = postSolution
		{A037DB13-3AE3-44C3-A89D-A302EC07C1E0}.Debug|Any CPU.ActiveCfg = Debug|Any CPU
		{A037DB13-3AE3-44C3-A89D-A302EC07C1E0}.Debug|Any CPU.Build.0 = Debug|Any CPU
		{A037DB13-3AE3-44C3-A89D-A302EC07C1E0}.Debug|x64.ActiveCfg = Debug|Any CPU
		{A037DB13-3AE3-44C3-A89D-A302EC07C1E0}.Debug|x64.Build.0 = Debug|Any CPU
		{A037DB13-3AE3-44C3-A89D-A302EC07C1E0}.Debug|x86.ActiveCfg = Debug|Any CPU
		{A037DB13-3AE3-44C3-A89D-A302EC07C1E0}.Debug|x86.Build.0 = Debug|Any CPU
		{A037DB13-3AE3-44C3-A89D-A302EC07C1E0}.Release|Any CPU.ActiveCfg = Release|Any CPU
		{A037DB13-3AE3-44C3-A89D-A302EC07C1E0}.Release|Any CPU.Build.0 = Release|Any CPU
		{A037DB13-3AE3-44C3-A89D-A302EC07C1E0}.Release|x64.ActiveCfg = Release|Any CPU
		{A037DB13-3AE3-44C3-A89D-A302EC07C1E0}.Release|x64.Build.0 = Release|Any CPU
		{A037DB13-3AE3-44C3-A89D-A302EC07C1E0}.Release|x86.ActiveCfg = Release|Any CPU
		{A037DB13-3AE3-44C3-A89D-A302EC07C1E0}.Release|x86.Build.0 = Release|Any CPU
		{8D17D7C7-070F-4210-930C-B22076F7FC01}.Debug|Any CPU.ActiveCfg = Debug|Any CPU
		{8D17D7C7-070F-4210-930C-B22076F7FC01}.Debug|Any CPU.Build.0 = Debug|Any CPU
		{8D17D7C7-070F-4210-930C-B22076F7FC01}.Debug|x64.ActiveCfg = Debug|Any CPU
		{8D17D7C7-070F-4210-930C-B22076F7FC01}.Debug|x64.Build.0 = Debug|Any CPU
		{8D17D7C7-070F-4210-930C-B22076F7FC01}.Debug|x86.ActiveCfg = Debug|Any CPU
		{8D17D7C7-070F-4210-930C-B22076F7FC01}.Debug|x86.Build.0 = Debug|Any CPU
		{8D17D7C7-070F-4210-930C-B22076F7FC01}.Release|Any CPU.ActiveCfg = Release|Any CPU
		{8D17D7C7-070F-4210-930C-B22076F7FC01}.Release|Any CPU.Build.0 = Release|Any CPU
		{8D17D7C7-070F-4210-930C-B22076F7FC01}.Release|x64.ActiveCfg = Release|Any CPU
		{8D17D7C7-070F-4210-930C-B22076F7FC01}.Release|x64.Build.0 = Release|Any CPU
		{8D17D7C7-070F-4210-930C-B22076F7FC01}.Release|x86.ActiveCfg = Release|Any CPU
		{8D17D7C7-070F-4210-930C-B22076F7FC01}.Release|x86.Build.0 = Release|Any CPU
		{FDEEE3BD-7FA3-4399-9CED-72069E03360E}.Debug|Any CPU.ActiveCfg = Debug|Any CPU
		{FDEEE3BD-7FA3-4399-9CED-72069E03360E}.Debug|Any CPU.Build.0 = Debug|Any CPU
		{FDEEE3BD-7FA3-4399-9CED-72069E03360E}.Debug|x64.ActiveCfg = Debug|Any CPU
		{FDEEE3BD-7FA3-4399-9CED-72069E03360E}.Debug|x64.Build.0 = Debug|Any CPU
		{FDEEE3BD-7FA3-4399-9CED-72069E03360E}.Debug|x86.ActiveCfg = Debug|Any CPU
		{FDEEE3BD-7FA3-4399-9CED-72069E03360E}.Debug|x86.Build.0 = Debug|Any CPU
		{FDEEE3BD-7FA3-4399-9CED-72069E03360E}.Release|Any CPU.ActiveCfg = Release|Any CPU
		{FDEEE3BD-7FA3-4399-9CED-72069E03360E}.Release|Any CPU.Build.0 = Release|Any CPU
		{FDEEE3BD-7FA3-4399-9CED-72069E03360E}.Release|x64.ActiveCfg = Release|Any CPU
		{FDEEE3BD-7FA3-4399-9CED-72069E03360E}.Release|x64.Build.0 = Release|Any CPU
		{FDEEE3BD-7FA3-4399-9CED-72069E03360E}.Release|x86.ActiveCfg = Release|Any CPU
		{FDEEE3BD-7FA3-4399-9CED-72069E03360E}.Release|x86.Build.0 = Release|Any CPU
		{F9273976-7504-49A9-A438-26C137444A08}.Debug|Any CPU.ActiveCfg = Debug|Any CPU
		{F9273976-7504-49A9-A438-26C137444A08}.Debug|Any CPU.Build.0 = Debug|Any CPU
		{F9273976-7504-49A9-A438-26C137444A08}.Debug|x64.ActiveCfg = Debug|Any CPU
		{F9273976-7504-49A9-A438-26C137444A08}.Debug|x64.Build.0 = Debug|Any CPU
		{F9273976-7504-49A9-A438-26C137444A08}.Debug|x86.ActiveCfg = Debug|Any CPU
		{F9273976-7504-49A9-A438-26C137444A08}.Debug|x86.Build.0 = Debug|Any CPU
		{F9273976-7504-49A9-A438-26C137444A08}.Release|Any CPU.ActiveCfg = Release|Any CPU
		{F9273976-7504-49A9-A438-26C137444A08}.Release|Any CPU.Build.0 = Release|Any CPU
		{F9273976-7504-49A9-A438-26C137444A08}.Release|x64.ActiveCfg = Release|Any CPU
		{F9273976-7504-49A9-A438-26C137444A08}.Release|x64.Build.0 = Release|Any CPU
		{F9273976-7504-49A9-A438-26C137444A08}.Release|x86.ActiveCfg = Release|Any CPU
		{F9273976-7504-49A9-A438-26C137444A08}.Release|x86.Build.0 = Release|Any CPU
	EndGlobalSection
	GlobalSection(SolutionProperties) = preSolution
		HideSolutionNode = FALSE
	EndGlobalSection
EndGlobal
